
Microsoft Visual Studio Solution File, Format Version 12.00
# Visual Studio Version 17
VisualStudioVersion = 17.0.32112.339
MinimumVisualStudioVersion = 10.0.40219.1
Project("{8BC9CEB8-8B4A-11D0-8D11-00A0C91BC942}") = "Iterative_factorial", "Iterative_factorial\Iterative_factorial.vcxproj", "{904BF947-9CCD-4056-914C-85763EE42C12}"
EndProject
Global
	GlobalSection(SolutionConfigurationPlatforms) = preSolution
		Debug|x64 = Debug|x64
		Debug|x86 = Debug|x86
		Release|x64 = Release|x64
		Release|x86 = Release|x86
	EndGlobalSection
	GlobalSection(ProjectConfigurationPlatforms) = postSolution
		{904BF947-9CCD-4056-914C-85763EE42C12}.Debug|x64.ActiveCfg = Debug|x64
		{904BF947-9CCD-4056-914C-85763EE42C12}.Debug|x64.Build.0 = Debug|x64
		{904BF947-9CCD-4056-914C-85763EE42C12}.Debug|x86.ActiveCfg = Debug|Win32
		{904BF947-9CCD-4056-914C-85763EE42C12}.Debug|x86.Build.0 = Debug|Win32
		{904BF947-9CCD-4056-914C-85763EE42C12}.Release|x64.ActiveCfg = Release|x64
		{904BF947-9CCD-4056-914C-85763EE42C12}.Release|x64.Build.0 = Release|x64
		{904BF947-9CCD-4056-914C-85763EE42C12}.Release|x86.ActiveCfg = Release|Win32
		{904BF947-9CCD-4056-914C-85763EE42C12}.Release|x86.Build.0 = Release|Win32
	EndGlobalSection
	GlobalSection(SolutionProperties) = preSolution
		HideSolutionNode = FALSE
	EndGlobalSection
	GlobalSection(ExtensibilityGlobals) = postSolution
		SolutionGuid = {826D7498-6C97-4C2E-8F77-320F370AF57F}
	EndGlobalSection
EndGlobal
